
Microsoft Visual Studio Solution File, Format Version 12.00
# Visual Studio Version 17
VisualStudioVersion = 17.13.35825.156 d17.13
MinimumVisualStudioVersion = 10.0.40219.1
Project("{FAE04EC0-301F-11D3-BF4B-00C04F79EFBC}") = "MyWallet.API", "MyWallet.API.csproj", "{9690BE2E-97EE-4714-BD13-6CF647459423}"
EndProject
Global
	GlobalSection(SolutionConfigurationPlatforms) = preSolution
		Debug|Any CPU = Debug|Any CPU
		Release|Any CPU = Release|Any CPU
	EndGlobalSection
	GlobalSection(ProjectConfigurationPlatforms) = postSolution
		{9690BE2E-97EE-4714-BD13-6CF647459423}.Debug|Any CPU.ActiveCfg = Debug|Any CPU
		{9690BE2E-97EE-4714-BD13-6CF647459423}.Debug|Any CPU.Build.0 = Debug|Any CPU
		{9690BE2E-97EE-4714-BD13-6CF647459423}.Release|Any CPU.ActiveCfg = Release|Any CPU
		{9690BE2E-97EE-4714-BD13-6CF647459423}.Release|Any CPU.Build.0 = Release|Any CPU
	EndGlobalSection
	GlobalSection(SolutionProperties) = preSolution
		HideSolutionNode = FALSE
	EndGlobalSection
	GlobalSection(ExtensibilityGlobals) = postSolution
		SolutionGuid = {E7CBDD4B-57FE-4130-9354-259282E4F3C5}
	EndGlobalSection
EndGlobal
